// !$*UTF8*$!
{
	archiveVersion = 1;
	classes = {
	};
	objectVersion = 56;
	objects = {

/* Begin PBXBuildFile section */
		1A9F4A08DFB5C46E98AD4775 /* Pods_SkillboxDrive.framework in Frameworks */ = {isa = PBXBuildFile; fileRef = A3EE2E80CDD110BE998558D4 /* Pods_SkillboxDrive.framework */; };
		73119B172B71317B00C50164 /* R.generated.swift in Sources */ = {isa = PBXBuildFile; fileRef = 73119B162B71317B00C50164 /* R.generated.swift */; };
		734209682B629F72000C9105 /* LastFilesView.swift in Sources */ = {isa = PBXBuildFile; fileRef = 734209672B629F72000C9105 /* LastFilesView.swift */; };
		7342096A2B629F8E000C9105 /* LastFilesController.swift in Sources */ = {isa = PBXBuildFile; fileRef = 734209692B629F8E000C9105 /* LastFilesController.swift */; };
		7342096C2B629F96000C9105 /* LastFilesModel.swift in Sources */ = {isa = PBXBuildFile; fileRef = 7342096B2B629F96000C9105 /* LastFilesModel.swift */; };
		7342096F2B629FC1000C9105 /* AllFilesView.swift in Sources */ = {isa = PBXBuildFile; fileRef = 7342096E2B629FC1000C9105 /* AllFilesView.swift */; };
		734209712B629FC7000C9105 /* AllFilesController.swift in Sources */ = {isa = PBXBuildFile; fileRef = 734209702B629FC7000C9105 /* AllFilesController.swift */; };
		734209732B629FCE000C9105 /* AllFilesModel.swift in Sources */ = {isa = PBXBuildFile; fileRef = 734209722B629FCE000C9105 /* AllFilesModel.swift */; };
		734209762B62A03C000C9105 /* PublishedFilesView.swift in Sources */ = {isa = PBXBuildFile; fileRef = 734209752B62A03C000C9105 /* PublishedFilesView.swift */; };
		734209782B62A04E000C9105 /* PublishedFilesController.swift in Sources */ = {isa = PBXBuildFile; fileRef = 734209772B62A04E000C9105 /* PublishedFilesController.swift */; };
		7342097A2B62A05D000C9105 /* PublishedFilesModel.swift in Sources */ = {isa = PBXBuildFile; fileRef = 734209792B62A05D000C9105 /* PublishedFilesModel.swift */; };
		734383A42B4ED3FE001D1EF3 /* AppDelegate.swift in Sources */ = {isa = PBXBuildFile; fileRef = 734383A32B4ED3FE001D1EF3 /* AppDelegate.swift */; };
		734383A62B4ED3FE001D1EF3 /* SceneDelegate.swift in Sources */ = {isa = PBXBuildFile; fileRef = 734383A52B4ED3FE001D1EF3 /* SceneDelegate.swift */; };
		734383A82B4ED3FE001D1EF3 /* AppViewController.swift in Sources */ = {isa = PBXBuildFile; fileRef = 734383A72B4ED3FE001D1EF3 /* AppViewController.swift */; };
		734383AE2B4ED3FE001D1EF3 /* SkillboxDrive.xcdatamodeld in Sources */ = {isa = PBXBuildFile; fileRef = 734383AC2B4ED3FE001D1EF3 /* SkillboxDrive.xcdatamodeld */; };
		734383B02B4ED400001D1EF3 /* Assets.xcassets in Resources */ = {isa = PBXBuildFile; fileRef = 734383AF2B4ED400001D1EF3 /* Assets.xcassets */; };
		734383B32B4ED400001D1EF3 /* LaunchScreen.storyboard in Resources */ = {isa = PBXBuildFile; fileRef = 734383B12B4ED400001D1EF3 /* LaunchScreen.storyboard */; };
		73507E702B6BE29D001986CD /* Extension+Int.swift in Sources */ = {isa = PBXBuildFile; fileRef = 73507E6B2B6BE29D001986CD /* Extension+Int.swift */; };
		73507E712B6BE29D001986CD /* Extension+ViewController.swift in Sources */ = {isa = PBXBuildFile; fileRef = 73507E6C2B6BE29D001986CD /* Extension+ViewController.swift */; };
		73507E722B6BE29D001986CD /* Extension+UIFont.swift in Sources */ = {isa = PBXBuildFile; fileRef = 73507E6D2B6BE29D001986CD /* Extension+UIFont.swift */; };
		73507E732B6BE29D001986CD /* Extension+UIButton.swift in Sources */ = {isa = PBXBuildFile; fileRef = 73507E6E2B6BE29D001986CD /* Extension+UIButton.swift */; };
		73507E742B6BE29D001986CD /* Extension+UIPageViewController.swift in Sources */ = {isa = PBXBuildFile; fileRef = 73507E6F2B6BE29D001986CD /* Extension+UIPageViewController.swift */; };
		73507E792B6BE2AA001986CD /* Fonts.swift in Sources */ = {isa = PBXBuildFile; fileRef = 73507E752B6BE2A9001986CD /* Fonts.swift */; };
		73507E7A2B6BE2AA001986CD /* GraphikBold.otf in Resources */ = {isa = PBXBuildFile; fileRef = 73507E762B6BE2AA001986CD /* GraphikBold.otf */; };
		73507E7B2B6BE2AA001986CD /* GraphikRegular.otf in Resources */ = {isa = PBXBuildFile; fileRef = 73507E772B6BE2AA001986CD /* GraphikRegular.otf */; };
		73507E7C2B6BE2AA001986CD /* GraphikMedium.otf in Resources */ = {isa = PBXBuildFile; fileRef = 73507E782B6BE2AA001986CD /* GraphikMedium.otf */; };
		7358069B2B5EBE2E00A6D721 /* TabBarController.swift in Sources */ = {isa = PBXBuildFile; fileRef = 7358069A2B5EBE2E00A6D721 /* TabBarController.swift */; };
		7367CADC2B5041BF00522380 /* Strings.swift in Sources */ = {isa = PBXBuildFile; fileRef = 7367CADB2B5041BF00522380 /* Strings.swift */; };
		7367CADE2B5041C600522380 /* Constance.swift in Sources */ = {isa = PBXBuildFile; fileRef = 7367CADD2B5041C600522380 /* Constance.swift */; };
		7367CAE02B5041CD00522380 /* URLs.swift in Sources */ = {isa = PBXBuildFile; fileRef = 7367CADF2B5041CD00522380 /* URLs.swift */; };
/* End PBXBuildFile section */

/* Begin PBXFileReference section */
		2A76D4D7E746606B03723A3F /* Pods-SkillboxDrive.release.xcconfig */ = {isa = PBXFileReference; includeInIndex = 1; lastKnownFileType = text.xcconfig; name = "Pods-SkillboxDrive.release.xcconfig"; path = "Target Support Files/Pods-SkillboxDrive/Pods-SkillboxDrive.release.xcconfig"; sourceTree = "<group>"; };
		6BA3E7E7146E274C5E4D4E44 /* Pods-SkillboxDrive.debug.xcconfig */ = {isa = PBXFileReference; includeInIndex = 1; lastKnownFileType = text.xcconfig; name = "Pods-SkillboxDrive.debug.xcconfig"; path = "Target Support Files/Pods-SkillboxDrive/Pods-SkillboxDrive.debug.xcconfig"; sourceTree = "<group>"; };
		73119B162B71317B00C50164 /* R.generated.swift */ = {isa = PBXFileReference; fileEncoding = 4; lastKnownFileType = sourcecode.swift; path = R.generated.swift; sourceTree = "<group>"; };
		734209672B629F72000C9105 /* LastFilesView.swift */ = {isa = PBXFileReference; lastKnownFileType = sourcecode.swift; path = LastFilesView.swift; sourceTree = "<group>"; };
		734209692B629F8E000C9105 /* LastFilesController.swift */ = {isa = PBXFileReference; lastKnownFileType = sourcecode.swift; path = LastFilesController.swift; sourceTree = "<group>"; };
		7342096B2B629F96000C9105 /* LastFilesModel.swift */ = {isa = PBXFileReference; lastKnownFileType = sourcecode.swift; path = LastFilesModel.swift; sourceTree = "<group>"; };
		7342096E2B629FC1000C9105 /* AllFilesView.swift */ = {isa = PBXFileReference; lastKnownFileType = sourcecode.swift; path = AllFilesView.swift; sourceTree = "<group>"; };
		734209702B629FC7000C9105 /* AllFilesController.swift */ = {isa = PBXFileReference; lastKnownFileType = sourcecode.swift; path = AllFilesController.swift; sourceTree = "<group>"; };
		734209722B629FCE000C9105 /* AllFilesModel.swift */ = {isa = PBXFileReference; lastKnownFileType = sourcecode.swift; path = AllFilesModel.swift; sourceTree = "<group>"; };
		734209752B62A03C000C9105 /* PublishedFilesView.swift */ = {isa = PBXFileReference; lastKnownFileType = sourcecode.swift; path = PublishedFilesView.swift; sourceTree = "<group>"; };
		734209772B62A04E000C9105 /* PublishedFilesController.swift */ = {isa = PBXFileReference; lastKnownFileType = sourcecode.swift; path = PublishedFilesController.swift; sourceTree = "<group>"; };
		734209792B62A05D000C9105 /* PublishedFilesModel.swift */ = {isa = PBXFileReference; lastKnownFileType = sourcecode.swift; path = PublishedFilesModel.swift; sourceTree = "<group>"; };
		734383A02B4ED3FE001D1EF3 /* SkillboxDrive.app */ = {isa = PBXFileReference; explicitFileType = wrapper.application; includeInIndex = 0; path = SkillboxDrive.app; sourceTree = BUILT_PRODUCTS_DIR; };
		734383A32B4ED3FE001D1EF3 /* AppDelegate.swift */ = {isa = PBXFileReference; lastKnownFileType = sourcecode.swift; path = AppDelegate.swift; sourceTree = "<group>"; };
		734383A52B4ED3FE001D1EF3 /* SceneDelegate.swift */ = {isa = PBXFileReference; lastKnownFileType = sourcecode.swift; path = SceneDelegate.swift; sourceTree = "<group>"; };
		734383A72B4ED3FE001D1EF3 /* AppViewController.swift */ = {isa = PBXFileReference; lastKnownFileType = sourcecode.swift; path = AppViewController.swift; sourceTree = "<group>"; };
		734383AD2B4ED3FE001D1EF3 /* SkillboxDrive.xcdatamodel */ = {isa = PBXFileReference; lastKnownFileType = wrapper.xcdatamodel; path = SkillboxDrive.xcdatamodel; sourceTree = "<group>"; };
		734383AF2B4ED400001D1EF3 /* Assets.xcassets */ = {isa = PBXFileReference; lastKnownFileType = folder.assetcatalog; path = Assets.xcassets; sourceTree = "<group>"; };
		734383B22B4ED400001D1EF3 /* Base */ = {isa = PBXFileReference; lastKnownFileType = file.storyboard; name = Base; path = Base.lproj/LaunchScreen.storyboard; sourceTree = "<group>"; };
		734383B42B4ED400001D1EF3 /* Info.plist */ = {isa = PBXFileReference; lastKnownFileType = text.plist.xml; path = Info.plist; sourceTree = "<group>"; };
		73507E6B2B6BE29D001986CD /* Extension+Int.swift */ = {isa = PBXFileReference; fileEncoding = 4; lastKnownFileType = sourcecode.swift; path = "Extension+Int.swift"; sourceTree = "<group>"; };
		73507E6C2B6BE29D001986CD /* Extension+ViewController.swift */ = {isa = PBXFileReference; fileEncoding = 4; lastKnownFileType = sourcecode.swift; path = "Extension+ViewController.swift"; sourceTree = "<group>"; };
		73507E6D2B6BE29D001986CD /* Extension+UIFont.swift */ = {isa = PBXFileReference; fileEncoding = 4; lastKnownFileType = sourcecode.swift; path = "Extension+UIFont.swift"; sourceTree = "<group>"; };
		73507E6E2B6BE29D001986CD /* Extension+UIButton.swift */ = {isa = PBXFileReference; fileEncoding = 4; lastKnownFileType = sourcecode.swift; path = "Extension+UIButton.swift"; sourceTree = "<group>"; };
		73507E6F2B6BE29D001986CD /* Extension+UIPageViewController.swift */ = {isa = PBXFileReference; fileEncoding = 4; lastKnownFileType = sourcecode.swift; path = "Extension+UIPageViewController.swift"; sourceTree = "<group>"; };
		73507E752B6BE2A9001986CD /* Fonts.swift */ = {isa = PBXFileReference; fileEncoding = 4; lastKnownFileType = sourcecode.swift; path = Fonts.swift; sourceTree = "<group>"; };
		73507E762B6BE2AA001986CD /* GraphikBold.otf */ = {isa = PBXFileReference; lastKnownFileType = file; path = GraphikBold.otf; sourceTree = "<group>"; };
		73507E772B6BE2AA001986CD /* GraphikRegular.otf */ = {isa = PBXFileReference; lastKnownFileType = file; path = GraphikRegular.otf; sourceTree = "<group>"; };
		73507E782B6BE2AA001986CD /* GraphikMedium.otf */ = {isa = PBXFileReference; lastKnownFileType = file; path = GraphikMedium.otf; sourceTree = "<group>"; };
		7358069A2B5EBE2E00A6D721 /* TabBarController.swift */ = {isa = PBXFileReference; lastKnownFileType = sourcecode.swift; path = TabBarController.swift; sourceTree = "<group>"; };
		7367CADB2B5041BF00522380 /* Strings.swift */ = {isa = PBXFileReference; fileEncoding = 4; lastKnownFileType = sourcecode.swift; path = Strings.swift; sourceTree = "<group>"; };
		7367CADD2B5041C600522380 /* Constance.swift */ = {isa = PBXFileReference; fileEncoding = 4; lastKnownFileType = sourcecode.swift; path = Constance.swift; sourceTree = "<group>"; };
		7367CADF2B5041CD00522380 /* URLs.swift */ = {isa = PBXFileReference; fileEncoding = 4; lastKnownFileType = sourcecode.swift; path = URLs.swift; sourceTree = "<group>"; };
		A3EE2E80CDD110BE998558D4 /* Pods_SkillboxDrive.framework */ = {isa = PBXFileReference; explicitFileType = wrapper.framework; includeInIndex = 0; path = Pods_SkillboxDrive.framework; sourceTree = BUILT_PRODUCTS_DIR; };
/* End PBXFileReference section */

/* Begin PBXFrameworksBuildPhase section */
		7343839D2B4ED3FE001D1EF3 /* Frameworks */ = {
			isa = PBXFrameworksBuildPhase;
			buildActionMask = 2147483647;
			files = (
				1A9F4A08DFB5C46E98AD4775 /* Pods_SkillboxDrive.framework in Frameworks */,
			);
			runOnlyForDeploymentPostprocessing = 0;
		};
/* End PBXFrameworksBuildPhase section */

/* Begin PBXGroup section */
		7342096D2B629FA3000C9105 /* LastFilesScreen */ = {
			isa = PBXGroup;
			children = (
				734209672B629F72000C9105 /* LastFilesView.swift */,
				734209692B629F8E000C9105 /* LastFilesController.swift */,
				7342096B2B629F96000C9105 /* LastFilesModel.swift */,
			);
			path = LastFilesScreen;
			sourceTree = "<group>";
		};
		734209742B629FD4000C9105 /* AllFilesScreen */ = {
			isa = PBXGroup;
			children = (
				7342096E2B629FC1000C9105 /* AllFilesView.swift */,
				734209702B629FC7000C9105 /* AllFilesController.swift */,
				734209722B629FCE000C9105 /* AllFilesModel.swift */,
			);
			path = AllFilesScreen;
			sourceTree = "<group>";
		};
		7342097B2B62A0EA000C9105 /* PublishedFilesScreen */ = {
			isa = PBXGroup;
			children = (
				734209752B62A03C000C9105 /* PublishedFilesView.swift */,
				734209792B62A05D000C9105 /* PublishedFilesModel.swift */,
				734209772B62A04E000C9105 /* PublishedFilesController.swift */,
			);
			path = PublishedFilesScreen;
			sourceTree = "<group>";
		};
		734383972B4ED3FE001D1EF3 = {
			isa = PBXGroup;
			children = (
				734383A22B4ED3FE001D1EF3 /* SkillboxDrive */,
				734383A12B4ED3FE001D1EF3 /* Products */,
				C2EDD60A364BE1E80489E53B /* Pods */,
				DE0FDA5C87B0E69A614F6725 /* Frameworks */,
			);
			sourceTree = "<group>";
		};
		734383A12B4ED3FE001D1EF3 /* Products */ = {
			isa = PBXGroup;
			children = (
				734383A02B4ED3FE001D1EF3 /* SkillboxDrive.app */,
			);
			name = Products;
			sourceTree = "<group>";
		};
		734383A22B4ED3FE001D1EF3 /* SkillboxDrive */ = {
			isa = PBXGroup;
			children = (
				7396826B2B4ED6FC00368593 /* Application */,
				7367CACC2B503DBE00522380 /* Presentation */,
				7396826D2B4ED76600368593 /* Services */,
				739682712B4ED81800368593 /* Resources */,
			);
			path = SkillboxDrive;
			sourceTree = "<group>";
		};
		73507E692B6BE229001986CD /* Extension+ */ = {
			isa = PBXGroup;
			children = (
				73507E6B2B6BE29D001986CD /* Extension+Int.swift */,
				73507E6E2B6BE29D001986CD /* Extension+UIButton.swift */,
				73507E6D2B6BE29D001986CD /* Extension+UIFont.swift */,
				73507E6F2B6BE29D001986CD /* Extension+UIPageViewController.swift */,
				73507E6C2B6BE29D001986CD /* Extension+ViewController.swift */,
			);
			path = "Extension+";
			sourceTree = "<group>";
		};
		73507E6A2B6BE240001986CD /* Fonts */ = {
			isa = PBXGroup;
			children = (
				73507E752B6BE2A9001986CD /* Fonts.swift */,
				73507E762B6BE2AA001986CD /* GraphikBold.otf */,
				73507E782B6BE2AA001986CD /* GraphikMedium.otf */,
				73507E772B6BE2AA001986CD /* GraphikRegular.otf */,
			);
			name = Fonts;
			path = "Extension+/Fonts";
			sourceTree = "<group>";
		};
		7358069C2B5EBE3700A6D721 /* TabBar */ = {
			isa = PBXGroup;
			children = (
				7358069A2B5EBE2E00A6D721 /* TabBarController.swift */,
			);
			path = TabBar;
			sourceTree = "<group>";
		};
		7367CACC2B503DBE00522380 /* Presentation */ = {
			isa = PBXGroup;
			children = (
				739682702B4ED7FF00368593 /* AppViewController */,
				7396826C2B4ED74700368593 /* LaunchScreen */,
				7358069C2B5EBE3700A6D721 /* TabBar */,
				7342096D2B629FA3000C9105 /* LastFilesScreen */,
				734209742B629FD4000C9105 /* AllFilesScreen */,
				7342097B2B62A0EA000C9105 /* PublishedFilesScreen */,
			);
			path = Presentation;
			sourceTree = "<group>";
		};
		7396826B2B4ED6FC00368593 /* Application */ = {
			isa = PBXGroup;
			children = (
				734383B42B4ED400001D1EF3 /* Info.plist */,
				734383A32B4ED3FE001D1EF3 /* AppDelegate.swift */,
				734383A52B4ED3FE001D1EF3 /* SceneDelegate.swift */,
			);
			path = Application;
			sourceTree = "<group>";
		};
		7396826C2B4ED74700368593 /* LaunchScreen */ = {
			isa = PBXGroup;
			children = (
				734383B12B4ED400001D1EF3 /* LaunchScreen.storyboard */,
			);
			path = LaunchScreen;
			sourceTree = "<group>";
		};
		7396826D2B4ED76600368593 /* Services */ = {
			isa = PBXGroup;
			children = (
				7396826E2B4ED77C00368593 /* DatabaseService */,
			);
			path = Services;
			sourceTree = "<group>";
		};
		7396826E2B4ED77C00368593 /* DatabaseService */ = {
			isa = PBXGroup;
			children = (
				7396826F2B4ED79000368593 /* CoreData */,
			);
			path = DatabaseService;
			sourceTree = "<group>";
		};
		7396826F2B4ED79000368593 /* CoreData */ = {
			isa = PBXGroup;
			children = (
				734383AC2B4ED3FE001D1EF3 /* SkillboxDrive.xcdatamodeld */,
			);
			path = CoreData;
			sourceTree = "<group>";
		};
		739682702B4ED7FF00368593 /* AppViewController */ = {
			isa = PBXGroup;
			children = (
				734383A72B4ED3FE001D1EF3 /* AppViewController.swift */,
			);
			path = AppViewController;
			sourceTree = "<group>";
		};
		739682712B4ED81800368593 /* Resources */ = {
			isa = PBXGroup;
			children = (
				7396827E2B4EE7CD00368593 /* Generated */,
				73507E692B6BE229001986CD /* Extension+ */,
				734383AF2B4ED400001D1EF3 /* Assets.xcassets */,
				73507E6A2B6BE240001986CD /* Fonts */,
				7367CADB2B5041BF00522380 /* Strings.swift */,
				7367CADD2B5041C600522380 /* Constance.swift */,
				7367CADF2B5041CD00522380 /* URLs.swift */,
			);
			path = Resources;
			sourceTree = "<group>";
		};
		7396827E2B4EE7CD00368593 /* Generated */ = {
			isa = PBXGroup;
			children = (
				73119B162B71317B00C50164 /* R.generated.swift */,
			);
			path = Generated;
			sourceTree = "<group>";
		};
		C2EDD60A364BE1E80489E53B /* Pods */ = {
			isa = PBXGroup;
			children = (
				6BA3E7E7146E274C5E4D4E44 /* Pods-SkillboxDrive.debug.xcconfig */,
				2A76D4D7E746606B03723A3F /* Pods-SkillboxDrive.release.xcconfig */,
			);
			path = Pods;
			sourceTree = "<group>";
		};
		DE0FDA5C87B0E69A614F6725 /* Frameworks */ = {
			isa = PBXGroup;
			children = (
				A3EE2E80CDD110BE998558D4 /* Pods_SkillboxDrive.framework */,
			);
			name = Frameworks;
			sourceTree = "<group>";
		};
/* End PBXGroup section */

/* Begin PBXNativeTarget section */
		7343839F2B4ED3FE001D1EF3 /* SkillboxDrive */ = {
			isa = PBXNativeTarget;
			buildConfigurationList = 734383B72B4ED400001D1EF3 /* Build configuration list for PBXNativeTarget "SkillboxDrive" */;
			buildPhases = (
				00D19223B486A66A5A6325D0 /* [CP] Check Pods Manifest.lock */,
				7343839C2B4ED3FE001D1EF3 /* Sources */,
				7343839D2B4ED3FE001D1EF3 /* Frameworks */,
				7343839E2B4ED3FE001D1EF3 /* Resources */,
				C756BA10DFBD9AC99E7CF8EA /* [CP] Embed Pods Frameworks */,
			);
			buildRules = (
			);
			dependencies = (
			);
			name = SkillboxDrive;
			productName = SkillboxDrive;
			productReference = 734383A02B4ED3FE001D1EF3 /* SkillboxDrive.app */;
			productType = "com.apple.product-type.application";
		};
/* End PBXNativeTarget section */

/* Begin PBXProject section */
		734383982B4ED3FE001D1EF3 /* Project object */ = {
			isa = PBXProject;
			attributes = {
				BuildIndependentTargetsInParallel = 1;
				LastSwiftUpdateCheck = 1500;
				LastUpgradeCheck = 1500;
				TargetAttributes = {
					7343839F2B4ED3FE001D1EF3 = {
						CreatedOnToolsVersion = 15.0.1;
					};
				};
			};
			buildConfigurationList = 7343839B2B4ED3FE001D1EF3 /* Build configuration list for PBXProject "SkillboxDrive" */;
			compatibilityVersion = "Xcode 14.0";
			developmentRegion = en;
			hasScannedForEncodings = 0;
			knownRegions = (
				en,
				Base,
			);
			mainGroup = 734383972B4ED3FE001D1EF3;
			productRefGroup = 734383A12B4ED3FE001D1EF3 /* Products */;
			projectDirPath = "";
			projectRoot = "";
			targets = (
				7343839F2B4ED3FE001D1EF3 /* SkillboxDrive */,
			);
		};
/* End PBXProject section */

/* Begin PBXResourcesBuildPhase section */
		7343839E2B4ED3FE001D1EF3 /* Resources */ = {
			isa = PBXResourcesBuildPhase;
			buildActionMask = 2147483647;
			files = (
				734383B32B4ED400001D1EF3 /* LaunchScreen.storyboard in Resources */,
				73507E7B2B6BE2AA001986CD /* GraphikRegular.otf in Resources */,
				73507E7C2B6BE2AA001986CD /* GraphikMedium.otf in Resources */,
				73507E7A2B6BE2AA001986CD /* GraphikBold.otf in Resources */,
				734383B02B4ED400001D1EF3 /* Assets.xcassets in Resources */,
			);
			runOnlyForDeploymentPostprocessing = 0;
		};
/* End PBXResourcesBuildPhase section */

/* Begin PBXShellScriptBuildPhase section */
		00D19223B486A66A5A6325D0 /* [CP] Check Pods Manifest.lock */ = {
			isa = PBXShellScriptBuildPhase;
			buildActionMask = 2147483647;
			files = (
			);
			inputFileListPaths = (
			);
			inputPaths = (
				"${PODS_PODFILE_DIR_PATH}/Podfile.lock",
				"${PODS_ROOT}/Manifest.lock",
			);
			name = "[CP] Check Pods Manifest.lock";
			outputFileListPaths = (
			);
			outputPaths = (
				"$(DERIVED_FILE_DIR)/Pods-SkillboxDrive-checkManifestLockResult.txt",
			);
			runOnlyForDeploymentPostprocessing = 0;
			shellPath = /bin/sh;
			shellScript = "diff \"${PODS_PODFILE_DIR_PATH}/Podfile.lock\" \"${PODS_ROOT}/Manifest.lock\" > /dev/null\nif [ $? != 0 ] ; then\n    # print error to STDERR\n    echo \"error: The sandbox is not in sync with the Podfile.lock. Run 'pod install' or update your CocoaPods installation.\" >&2\n    exit 1\nfi\n# This output is used by Xcode 'outputs' to avoid re-running this script phase.\necho \"SUCCESS\" > \"${SCRIPT_OUTPUT_FILE_0}\"\n";
			showEnvVarsInLog = 0;
		};
		C756BA10DFBD9AC99E7CF8EA /* [CP] Embed Pods Frameworks */ = {
			isa = PBXShellScriptBuildPhase;
			buildActionMask = 2147483647;
			files = (
			);
			inputFileListPaths = (
				"${PODS_ROOT}/Target Support Files/Pods-SkillboxDrive/Pods-SkillboxDrive-frameworks-${CONFIGURATION}-input-files.xcfilelist",
			);
			name = "[CP] Embed Pods Frameworks";
			outputFileListPaths = (
				"${PODS_ROOT}/Target Support Files/Pods-SkillboxDrive/Pods-SkillboxDrive-frameworks-${CONFIGURATION}-output-files.xcfilelist",
			);
			runOnlyForDeploymentPostprocessing = 0;
			shellPath = /bin/sh;
			shellScript = "\"${PODS_ROOT}/Target Support Files/Pods-SkillboxDrive/Pods-SkillboxDrive-frameworks.sh\"\n";
			showEnvVarsInLog = 0;
		};
/* End PBXShellScriptBuildPhase section */

/* Begin PBXSourcesBuildPhase section */
		7343839C2B4ED3FE001D1EF3 /* Sources */ = {
			isa = PBXSourcesBuildPhase;
			buildActionMask = 2147483647;
			files = (
				734209682B629F72000C9105 /* LastFilesView.swift in Sources */,
				7342096C2B629F96000C9105 /* LastFilesModel.swift in Sources */,
				7358069B2B5EBE2E00A6D721 /* TabBarController.swift in Sources */,
				734383AE2B4ED3FE001D1EF3 /* SkillboxDrive.xcdatamodeld in Sources */,
				7342096A2B629F8E000C9105 /* LastFilesController.swift in Sources */,
				734209712B629FC7000C9105 /* AllFilesController.swift in Sources */,
				73507E722B6BE29D001986CD /* Extension+UIFont.swift in Sources */,
				734209732B629FCE000C9105 /* AllFilesModel.swift in Sources */,
				73507E702B6BE29D001986CD /* Extension+Int.swift in Sources */,
				734383A82B4ED3FE001D1EF3 /* AppViewController.swift in Sources */,
				73507E742B6BE29D001986CD /* Extension+UIPageViewController.swift in Sources */,
				73119B172B71317B00C50164 /* R.generated.swift in Sources */,
				73507E732B6BE29D001986CD /* Extension+UIButton.swift in Sources */,
				7367CAE02B5041CD00522380 /* URLs.swift in Sources */,
				734383A42B4ED3FE001D1EF3 /* AppDelegate.swift in Sources */,
				73507E712B6BE29D001986CD /* Extension+ViewController.swift in Sources */,
				73507E792B6BE2AA001986CD /* Fonts.swift in Sources */,
				734209762B62A03C000C9105 /* PublishedFilesView.swift in Sources */,
				7342097A2B62A05D000C9105 /* PublishedFilesModel.swift in Sources */,
				7367CADC2B5041BF00522380 /* Strings.swift in Sources */,
				734383A62B4ED3FE001D1EF3 /* SceneDelegate.swift in Sources */,
				7367CADE2B5041C600522380 /* Constance.swift in Sources */,
				734209782B62A04E000C9105 /* PublishedFilesController.swift in Sources */,
				7342096F2B629FC1000C9105 /* AllFilesView.swift in Sources */,
			);
			runOnlyForDeploymentPostprocessing = 0;
		};
/* End PBXSourcesBuildPhase section */

/* Begin PBXVariantGroup section */
		734383B12B4ED400001D1EF3 /* LaunchScreen.storyboard */ = {
			isa = PBXVariantGroup;
			children = (
				734383B22B4ED400001D1EF3 /* Base */,
			);
			name = LaunchScreen.storyboard;
			sourceTree = "<group>";
		};
/* End PBXVariantGroup section */

/* Begin XCBuildConfiguration section */
		734383B52B4ED400001D1EF3 /* Debug */ = {
			isa = XCBuildConfiguration;
			buildSettings = {
				ALWAYS_SEARCH_USER_PATHS = NO;
				ASSETCATALOG_COMPILER_GENERATE_SWIFT_ASSET_SYMBOL_EXTENSIONS = YES;
				CLANG_ANALYZER_NONNULL = YES;
				CLANG_ANALYZER_NUMBER_OBJECT_CONVERSION = YES_AGGRESSIVE;
				CLANG_CXX_LANGUAGE_STANDARD = "gnu++20";
				CLANG_ENABLE_MODULES = YES;
				CLANG_ENABLE_OBJC_ARC = YES;
				CLANG_ENABLE_OBJC_WEAK = YES;
				CLANG_WARN_BLOCK_CAPTURE_AUTORELEASING = YES;
				CLANG_WARN_BOOL_CONVERSION = YES;
				CLANG_WARN_COMMA = YES;
				CLANG_WARN_CONSTANT_CONVERSION = YES;
				CLANG_WARN_DEPRECATED_OBJC_IMPLEMENTATIONS = YES;
				CLANG_WARN_DIRECT_OBJC_ISA_USAGE = YES_ERROR;
				CLANG_WARN_DOCUMENTATION_COMMENTS = YES;
				CLANG_WARN_EMPTY_BODY = YES;
				CLANG_WARN_ENUM_CONVERSION = YES;
				CLANG_WARN_INFINITE_RECURSION = YES;
				CLANG_WARN_INT_CONVERSION = YES;
				CLANG_WARN_NON_LITERAL_NULL_CONVERSION = YES;
				CLANG_WARN_OBJC_IMPLICIT_RETAIN_SELF = YES;
				CLANG_WARN_OBJC_LITERAL_CONVERSION = YES;
				CLANG_WARN_OBJC_ROOT_CLASS = YES_ERROR;
				CLANG_WARN_QUOTED_INCLUDE_IN_FRAMEWORK_HEADER = YES;
				CLANG_WARN_RANGE_LOOP_ANALYSIS = YES;
				CLANG_WARN_STRICT_PROTOTYPES = YES;
				CLANG_WARN_SUSPICIOUS_MOVE = YES;
				CLANG_WARN_UNGUARDED_AVAILABILITY = YES_AGGRESSIVE;
				CLANG_WARN_UNREACHABLE_CODE = YES;
				CLANG_WARN__DUPLICATE_METHOD_MATCH = YES;
				COPY_PHASE_STRIP = NO;
				DEBUG_INFORMATION_FORMAT = dwarf;
				ENABLE_STRICT_OBJC_MSGSEND = YES;
				ENABLE_TESTABILITY = YES;
				ENABLE_USER_SCRIPT_SANDBOXING = NO;
				GCC_C_LANGUAGE_STANDARD = gnu17;
				GCC_DYNAMIC_NO_PIC = NO;
				GCC_NO_COMMON_BLOCKS = YES;
				GCC_OPTIMIZATION_LEVEL = 0;
				GCC_PREPROCESSOR_DEFINITIONS = (
					"DEBUG=1",
					"$(inherited)",
				);
				GCC_WARN_64_TO_32_BIT_CONVERSION = YES;
				GCC_WARN_ABOUT_RETURN_TYPE = YES_ERROR;
				GCC_WARN_UNDECLARED_SELECTOR = YES;
				GCC_WARN_UNINITIALIZED_AUTOS = YES_AGGRESSIVE;
				GCC_WARN_UNUSED_FUNCTION = YES;
				GCC_WARN_UNUSED_VARIABLE = YES;
				IPHONEOS_DEPLOYMENT_TARGET = 17.0;
				LOCALIZATION_PREFERS_STRING_CATALOGS = YES;
				MTL_ENABLE_DEBUG_INFO = INCLUDE_SOURCE;
				MTL_FAST_MATH = YES;
				ONLY_ACTIVE_ARCH = YES;
				SDKROOT = iphoneos;
				SWIFT_ACTIVE_COMPILATION_CONDITIONS = "DEBUG $(inherited)";
				SWIFT_OPTIMIZATION_LEVEL = "-Onone";
			};
			name = Debug;
		};
		734383B62B4ED400001D1EF3 /* Release */ = {
			isa = XCBuildConfiguration;
			buildSettings = {
				ALWAYS_SEARCH_USER_PATHS = NO;
				ASSETCATALOG_COMPILER_GENERATE_SWIFT_ASSET_SYMBOL_EXTENSIONS = YES;
				CLANG_ANALYZER_NONNULL = YES;
				CLANG_ANALYZER_NUMBER_OBJECT_CONVERSION = YES_AGGRESSIVE;
				CLANG_CXX_LANGUAGE_STANDARD = "gnu++20";
				CLANG_ENABLE_MODULES = YES;
				CLANG_ENABLE_OBJC_ARC = YES;
				CLANG_ENABLE_OBJC_WEAK = YES;
				CLANG_WARN_BLOCK_CAPTURE_AUTORELEASING = YES;
				CLANG_WARN_BOOL_CONVERSION = YES;
				CLANG_WARN_COMMA = YES;
				CLANG_WARN_CONSTANT_CONVERSION = YES;
				CLANG_WARN_DEPRECATED_OBJC_IMPLEMENTATIONS = YES;
				CLANG_WARN_DIRECT_OBJC_ISA_USAGE = YES_ERROR;
				CLANG_WARN_DOCUMENTATION_COMMENTS = YES;
				CLANG_WARN_EMPTY_BODY = YES;
				CLANG_WARN_ENUM_CONVERSION = YES;
				CLANG_WARN_INFINITE_RECURSION = YES;
				CLANG_WARN_INT_CONVERSION = YES;
				CLANG_WARN_NON_LITERAL_NULL_CONVERSION = YES;
				CLANG_WARN_OBJC_IMPLICIT_RETAIN_SELF = YES;
				CLANG_WARN_OBJC_LITERAL_CONVERSION = YES;
				CLANG_WARN_OBJC_ROOT_CLASS = YES_ERROR;
				CLANG_WARN_QUOTED_INCLUDE_IN_FRAMEWORK_HEADER = YES;
				CLANG_WARN_RANGE_LOOP_ANALYSIS = YES;
				CLANG_WARN_STRICT_PROTOTYPES = YES;
				CLANG_WARN_SUSPICIOUS_MOVE = YES;
				CLANG_WARN_UNGUARDED_AVAILABILITY = YES_AGGRESSIVE;
				CLANG_WARN_UNREACHABLE_CODE = YES;
				CLANG_WARN__DUPLICATE_METHOD_MATCH = YES;
				COPY_PHASE_STRIP = NO;
				DEBUG_INFORMATION_FORMAT = "dwarf-with-dsym";
				ENABLE_NS_ASSERTIONS = NO;
				ENABLE_STRICT_OBJC_MSGSEND = YES;
				ENABLE_USER_SCRIPT_SANDBOXING = NO;
				GCC_C_LANGUAGE_STANDARD = gnu17;
				GCC_NO_COMMON_BLOCKS = YES;
				GCC_WARN_64_TO_32_BIT_CONVERSION = YES;
				GCC_WARN_ABOUT_RETURN_TYPE = YES_ERROR;
				GCC_WARN_UNDECLARED_SELECTOR = YES;
				GCC_WARN_UNINITIALIZED_AUTOS = YES_AGGRESSIVE;
				GCC_WARN_UNUSED_FUNCTION = YES;
				GCC_WARN_UNUSED_VARIABLE = YES;
				IPHONEOS_DEPLOYMENT_TARGET = 17.0;
				LOCALIZATION_PREFERS_STRING_CATALOGS = YES;
				MTL_ENABLE_DEBUG_INFO = NO;
				MTL_FAST_MATH = YES;
				SDKROOT = iphoneos;
				SWIFT_COMPILATION_MODE = wholemodule;
				VALIDATE_PRODUCT = YES;
			};
			name = Release;
		};
		734383B82B4ED400001D1EF3 /* Debug */ = {
			isa = XCBuildConfiguration;
			baseConfigurationReference = 6BA3E7E7146E274C5E4D4E44 /* Pods-SkillboxDrive.debug.xcconfig */;
			buildSettings = {
				ASSETCATALOG_COMPILER_APPICON_NAME = AppIcon;
				ASSETCATALOG_COMPILER_GLOBAL_ACCENT_COLOR_NAME = AccentColor;
				CODE_SIGN_STYLE = Automatic;
				CURRENT_PROJECT_VERSION = 1;
				DEVELOPMENT_TEAM = VRLCQRH43S;
				GENERATE_INFOPLIST_FILE = YES;
				INFOPLIST_FILE = SkillboxDrive/Application/Info.plist;
				INFOPLIST_KEY_UIApplicationSupportsIndirectInputEvents = YES;
				INFOPLIST_KEY_UILaunchStoryboardName = LaunchScreen;
				INFOPLIST_KEY_UIMainStoryboardFile = "";
				INFOPLIST_KEY_UISupportedInterfaceOrientations_iPad = "UIInterfaceOrientationPortrait UIInterfaceOrientationPortraitUpsideDown UIInterfaceOrientationLandscapeLeft UIInterfaceOrientationLandscapeRight";
				INFOPLIST_KEY_UISupportedInterfaceOrientations_iPhone = "UIInterfaceOrientationPortrait UIInterfaceOrientationLandscapeLeft UIInterfaceOrientationLandscapeRight";
				LD_RUNPATH_SEARCH_PATHS = (
					"$(inherited)",
					"@executable_path/Frameworks",
				);
				MARKETING_VERSION = 1.0;
				PRODUCT_BUNDLE_IDENTIFIER = IvanBond.SkillboxDrive;
				PRODUCT_NAME = "$(TARGET_NAME)";
				SUPPORTED_PLATFORMS = "iphoneos iphonesimulator";
				SUPPORTS_MACCATALYST = NO;
				SUPPORTS_MAC_DESIGNED_FOR_IPHONE_IPAD = NO;
				SWIFT_EMIT_LOC_STRINGS = YES;
				SWIFT_VERSION = 5.0;
				TARGETED_DEVICE_FAMILY = 1;
			};
			name = Debug;
		};
		734383B92B4ED400001D1EF3 /* Release */ = {
			isa = XCBuildConfiguration;
			baseConfigurationReference = 2A76D4D7E746606B03723A3F /* Pods-SkillboxDrive.release.xcconfig */;
			buildSettings = {
				ASSETCATALOG_COMPILER_APPICON_NAME = AppIcon;
				ASSETCATALOG_COMPILER_GLOBAL_ACCENT_COLOR_NAME = AccentColor;
				CODE_SIGN_STYLE = Automatic;
				CURRENT_PROJECT_VERSION = 1;
				DEVELOPMENT_TEAM = VRLCQRH43S;
				GENERATE_INFOPLIST_FILE = YES;
				INFOPLIST_FILE = SkillboxDrive/Application/Info.plist;
				INFOPLIST_KEY_UIApplicationSupportsIndirectInputEvents = YES;
				INFOPLIST_KEY_UILaunchStoryboardName = LaunchScreen;
				INFOPLIST_KEY_UIMainStoryboardFile = "";
				INFOPLIST_KEY_UISupportedInterfaceOrientations_iPad = "UIInterfaceOrientationPortrait UIInterfaceOrientationPortraitUpsideDown UIInterfaceOrientationLandscapeLeft UIInterfaceOrientationLandscapeRight";
				INFOPLIST_KEY_UISupportedInterfaceOrientations_iPhone = "UIInterfaceOrientationPortrait UIInterfaceOrientationLandscapeLeft UIInterfaceOrientationLandscapeRight";
				LD_RUNPATH_SEARCH_PATHS = (
					"$(inherited)",
					"@executable_path/Frameworks",
				);
				MARKETING_VERSION = 1.0;
				PRODUCT_BUNDLE_IDENTIFIER = IvanBond.SkillboxDrive;
				PRODUCT_NAME = "$(TARGET_NAME)";
				SUPPORTED_PLATFORMS = "iphoneos iphonesimulator";
				SUPPORTS_MACCATALYST = NO;
				SUPPORTS_MAC_DESIGNED_FOR_IPHONE_IPAD = NO;
				SWIFT_EMIT_LOC_STRINGS = YES;
				SWIFT_VERSION = 5.0;
				TARGETED_DEVICE_FAMILY = 1;
			};
			name = Release;
		};
/* End XCBuildConfiguration section */

/* Begin XCConfigurationList section */
		7343839B2B4ED3FE001D1EF3 /* Build configuration list for PBXProject "SkillboxDrive" */ = {
			isa = XCConfigurationList;
			buildConfigurations = (
				734383B52B4ED400001D1EF3 /* Debug */,
				734383B62B4ED400001D1EF3 /* Release */,
			);
			defaultConfigurationIsVisible = 0;
			defaultConfigurationName = Release;
		};
		734383B72B4ED400001D1EF3 /* Build configuration list for PBXNativeTarget "SkillboxDrive" */ = {
			isa = XCConfigurationList;
			buildConfigurations = (
				734383B82B4ED400001D1EF3 /* Debug */,
				734383B92B4ED400001D1EF3 /* Release */,
			);
			defaultConfigurationIsVisible = 0;
			defaultConfigurationName = Release;
		};
/* End XCConfigurationList section */

/* Begin XCVersionGroup section */
		734383AC2B4ED3FE001D1EF3 /* SkillboxDrive.xcdatamodeld */ = {
			isa = XCVersionGroup;
			children = (
				734383AD2B4ED3FE001D1EF3 /* SkillboxDrive.xcdatamodel */,
			);
			currentVersion = 734383AD2B4ED3FE001D1EF3 /* SkillboxDrive.xcdatamodel */;
			path = SkillboxDrive.xcdatamodeld;
			sourceTree = "<group>";
			versionGroupType = wrapper.xcdatamodel;
		};
/* End XCVersionGroup section */
	};
	rootObject = 734383982B4ED3FE001D1EF3 /* Project object */;
}
